
Microsoft Visual Studio Solution File, Format Version 12.00
# Visual Studio 14
VisualStudioVersion = 14.0.25123.0
MinimumVisualStudioVersion = 10.0.40219.1
Project("{A96C2FAC-3570-4498-BDB9-7B03AA7095B1}") = "Sitecore.Support.93207", "Sitecore.Support.93207\Sitecore.Support.93207.csproj", "{78C2CA5C-E127-4447-94A6-6551A3ED54FA}"
EndProject
Global
	GlobalSection(SolutionConfigurationPlatforms) = preSolution
		Debug|Any CPU = Debug|Any CPU
		Release|Any CPU = Release|Any CPU
	EndGlobalSection
	GlobalSection(ProjectConfigurationPlatforms) = postSolution
		{78C2CA5C-E127-4447-94A6-6551A3ED54FA}.Debug|Any CPU.ActiveCfg = Debug|Any CPU
		{78C2CA5C-E127-4447-94A6-6551A3ED54FA}.Debug|Any CPU.Build.0 = Debug|Any CPU
		{78C2CA5C-E127-4447-94A6-6551A3ED54FA}.Release|Any CPU.ActiveCfg = Release|Any CPU
		{78C2CA5C-E127-4447-94A6-6551A3ED54FA}.Release|Any CPU.Build.0 = Release|Any CPU
	EndGlobalSection
	GlobalSection(SolutionProperties) = preSolution
		HideSolutionNode = FALSE
	EndGlobalSection
EndGlobal
