
Microsoft Visual Studio Solution File, Format Version 12.00
# Visual Studio 14
VisualStudioVersion = 14.0.25123.0
MinimumVisualStudioVersion = 10.0.40219.1
Project("{826513BF-3A41-491F-8993-FD4E34C72C93}") = "Sitecore.Support.93207", "Sitecore.Support.93207\Sitecore.Support.93207.csproj", "{16977CBE-5712-4361-A7E2-AF41155DB486}"
EndProject
Global
	GlobalSection(SolutionConfigurationPlatforms) = preSolution
		Debug|Any CPU = Debug|Any CPU
		Release|Any CPU = Release|Any CPU
	EndGlobalSection
	GlobalSection(ProjectConfigurationPlatforms) = postSolution
		{16977CBE-5712-4361-A7E2-AF41155DB486}.Debug|Any CPU.ActiveCfg = Debug|Any CPU
		{16977CBE-5712-4361-A7E2-AF41155DB486}.Debug|Any CPU.Build.0 = Debug|Any CPU
		{16977CBE-5712-4361-A7E2-AF41155DB486}.Release|Any CPU.ActiveCfg = Release|Any CPU
		{16977CBE-5712-4361-A7E2-AF41155DB486}.Release|Any CPU.Build.0 = Release|Any CPU
	EndGlobalSection
	GlobalSection(SolutionProperties) = preSolution
		HideSolutionNode = FALSE
	EndGlobalSection
EndGlobal
